// !$*UTF8*$!
{
	archiveVersion = 1;
	classes = {
	};
	objectVersion = 56;
	objects = {

/* Begin PBXBuildFile section */
		0776E4812C5C1A3700879EFF /* iOS_clientApp.swift in Sources */ = {isa = PBXBuildFile; fileRef = 0776E4802C5C1A3700879EFF /* iOS_clientApp.swift */; };
		0776E4832C5C1A3700879EFF /* ContentView.swift in Sources */ = {isa = PBXBuildFile; fileRef = 0776E4822C5C1A3700879EFF /* ContentView.swift */; };
		0776E4852C5C1A3900879EFF /* Assets.xcassets in Resources */ = {isa = PBXBuildFile; fileRef = 0776E4842C5C1A3900879EFF /* Assets.xcassets */; };
		0776E4882C5C1A3900879EFF /* Preview Assets.xcassets in Resources */ = {isa = PBXBuildFile; fileRef = 0776E4872C5C1A3900879EFF /* Preview Assets.xcassets */; };
		0776E4922C5C1A3900879EFF /* iOS_clientTests.swift in Sources */ = {isa = PBXBuildFile; fileRef = 0776E4912C5C1A3900879EFF /* iOS_clientTests.swift */; };
		0776E49C2C5C1A3900879EFF /* iOS_clientUITests.swift in Sources */ = {isa = PBXBuildFile; fileRef = 0776E49B2C5C1A3900879EFF /* iOS_clientUITests.swift */; };
		0776E49E2C5C1A3900879EFF /* iOS_clientUITestsLaunchTests.swift in Sources */ = {isa = PBXBuildFile; fileRef = 0776E49D2C5C1A3900879EFF /* iOS_clientUITestsLaunchTests.swift */; };
		0776E4AF2C5C1ACE00879EFF /* CentrifugoViewModel.swift in Sources */ = {isa = PBXBuildFile; fileRef = 0776E4AE2C5C1ACE00879EFF /* CentrifugoViewModel.swift */; };
		0792DC172C5CBE4A00891DD4 /* SwiftCentrifuge in Frameworks */ = {isa = PBXBuildFile; productRef = 0792DC162C5CBE4A00891DD4 /* SwiftCentrifuge */; };
/* End PBXBuildFile section */

/* Begin PBXContainerItemProxy section */
		0776E48E2C5C1A3900879EFF /* PBXContainerItemProxy */ = {
			isa = PBXContainerItemProxy;
			containerPortal = 0776E4752C5C1A3700879EFF /* Project object */;
			proxyType = 1;
			remoteGlobalIDString = 0776E47C2C5C1A3700879EFF;
			remoteInfo = "iOS-client";
		};
		0776E4982C5C1A3900879EFF /* PBXContainerItemProxy */ = {
			isa = PBXContainerItemProxy;
			containerPortal = 0776E4752C5C1A3700879EFF /* Project object */;
			proxyType = 1;
			remoteGlobalIDString = 0776E47C2C5C1A3700879EFF;
			remoteInfo = "iOS-client";
		};
/* End PBXContainerItemProxy section */

/* Begin PBXFileReference section */
		0776E47D2C5C1A3700879EFF /* iOS-client.app */ = {isa = PBXFileReference; explicitFileType = wrapper.application; includeInIndex = 0; path = "iOS-client.app"; sourceTree = BUILT_PRODUCTS_DIR; };
		0776E4802C5C1A3700879EFF /* iOS_clientApp.swift */ = {isa = PBXFileReference; lastKnownFileType = sourcecode.swift; path = iOS_clientApp.swift; sourceTree = "<group>"; };
		0776E4822C5C1A3700879EFF /* ContentView.swift */ = {isa = PBXFileReference; lastKnownFileType = sourcecode.swift; path = ContentView.swift; sourceTree = "<group>"; };
		0776E4842C5C1A3900879EFF /* Assets.xcassets */ = {isa = PBXFileReference; lastKnownFileType = folder.assetcatalog; path = Assets.xcassets; sourceTree = "<group>"; };
		0776E4872C5C1A3900879EFF /* Preview Assets.xcassets */ = {isa = PBXFileReference; lastKnownFileType = folder.assetcatalog; path = "Preview Assets.xcassets"; sourceTree = "<group>"; };
		0776E48D2C5C1A3900879EFF /* iOS-clientTests.xctest */ = {isa = PBXFileReference; explicitFileType = wrapper.cfbundle; includeInIndex = 0; path = "iOS-clientTests.xctest"; sourceTree = BUILT_PRODUCTS_DIR; };
		0776E4912C5C1A3900879EFF /* iOS_clientTests.swift */ = {isa = PBXFileReference; lastKnownFileType = sourcecode.swift; path = iOS_clientTests.swift; sourceTree = "<group>"; };
		0776E4972C5C1A3900879EFF /* iOS-clientUITests.xctest */ = {isa = PBXFileReference; explicitFileType = wrapper.cfbundle; includeInIndex = 0; path = "iOS-clientUITests.xctest"; sourceTree = BUILT_PRODUCTS_DIR; };
		0776E49B2C5C1A3900879EFF /* iOS_clientUITests.swift */ = {isa = PBXFileReference; lastKnownFileType = sourcecode.swift; path = iOS_clientUITests.swift; sourceTree = "<group>"; };
		0776E49D2C5C1A3900879EFF /* iOS_clientUITestsLaunchTests.swift */ = {isa = PBXFileReference; lastKnownFileType = sourcecode.swift; path = iOS_clientUITestsLaunchTests.swift; sourceTree = "<group>"; };
		0776E4AE2C5C1ACE00879EFF /* CentrifugoViewModel.swift */ = {isa = PBXFileReference; lastKnownFileType = sourcecode.swift; path = CentrifugoViewModel.swift; sourceTree = "<group>"; };
/* End PBXFileReference section */

/* Begin PBXFrameworksBuildPhase section */
		0776E47A2C5C1A3700879EFF /* Frameworks */ = {
			isa = PBXFrameworksBuildPhase;
			buildActionMask = 2147483647;
			files = (
				0792DC172C5CBE4A00891DD4 /* SwiftCentrifuge in Frameworks */,
			);
			runOnlyForDeploymentPostprocessing = 0;
		};
		0776E48A2C5C1A3900879EFF /* Frameworks */ = {
			isa = PBXFrameworksBuildPhase;
			buildActionMask = 2147483647;
			files = (
			);
			runOnlyForDeploymentPostprocessing = 0;
		};
		0776E4942C5C1A3900879EFF /* Frameworks */ = {
			isa = PBXFrameworksBuildPhase;
			buildActionMask = 2147483647;
			files = (
			);
			runOnlyForDeploymentPostprocessing = 0;
		};
/* End PBXFrameworksBuildPhase section */

/* Begin PBXGroup section */
		0776E4742C5C1A3700879EFF = {
			isa = PBXGroup;
			children = (
				0776E47F2C5C1A3700879EFF /* iOS-client */,
				0776E4902C5C1A3900879EFF /* iOS-clientTests */,
				0776E49A2C5C1A3900879EFF /* iOS-clientUITests */,
				0776E47E2C5C1A3700879EFF /* Products */,
				0776E4AB2C5C1AAE00879EFF /* Frameworks */,
			);
			sourceTree = "<group>";
		};
		0776E47E2C5C1A3700879EFF /* Products */ = {
			isa = PBXGroup;
			children = (
				0776E47D2C5C1A3700879EFF /* iOS-client.app */,
				0776E48D2C5C1A3900879EFF /* iOS-clientTests.xctest */,
				0776E4972C5C1A3900879EFF /* iOS-clientUITests.xctest */,
			);
			name = Products;
			sourceTree = "<group>";
		};
		0776E47F2C5C1A3700879EFF /* iOS-client */ = {
			isa = PBXGroup;
			children = (
				0776E4802C5C1A3700879EFF /* iOS_clientApp.swift */,
				0776E4822C5C1A3700879EFF /* ContentView.swift */,
				0776E4AE2C5C1ACE00879EFF /* CentrifugoViewModel.swift */,
				0776E4842C5C1A3900879EFF /* Assets.xcassets */,
				0776E4862C5C1A3900879EFF /* Preview Content */,
			);
			path = "iOS-client";
			sourceTree = "<group>";
		};
		0776E4862C5C1A3900879EFF /* Preview Content */ = {
			isa = PBXGroup;
			children = (
				0776E4872C5C1A3900879EFF /* Preview Assets.xcassets */,
			);
			path = "Preview Content";
			sourceTree = "<group>";
		};
		0776E4902C5C1A3900879EFF /* iOS-clientTests */ = {
			isa = PBXGroup;
			children = (
				0776E4912C5C1A3900879EFF /* iOS_clientTests.swift */,
			);
			path = "iOS-clientTests";
			sourceTree = "<group>";
		};
		0776E49A2C5C1A3900879EFF /* iOS-clientUITests */ = {
			isa = PBXGroup;
			children = (
				0776E49B2C5C1A3900879EFF /* iOS_clientUITests.swift */,
				0776E49D2C5C1A3900879EFF /* iOS_clientUITestsLaunchTests.swift */,
			);
			path = "iOS-clientUITests";
			sourceTree = "<group>";
		};
		0776E4AB2C5C1AAE00879EFF /* Frameworks */ = {
			isa = PBXGroup;
			children = (
			);
			name = Frameworks;
			sourceTree = "<group>";
		};
/* End PBXGroup section */

/* Begin PBXNativeTarget section */
		0776E47C2C5C1A3700879EFF /* iOS-client */ = {
			isa = PBXNativeTarget;
			buildConfigurationList = 0776E4A12C5C1A3900879EFF /* Build configuration list for PBXNativeTarget "iOS-client" */;
			buildPhases = (
				0776E4792C5C1A3700879EFF /* Sources */,
				0776E47A2C5C1A3700879EFF /* Frameworks */,
				0776E47B2C5C1A3700879EFF /* Resources */,
			);
			buildRules = (
			);
			dependencies = (
			);
			name = "iOS-client";
			packageProductDependencies = (
				0792DC162C5CBE4A00891DD4 /* SwiftCentrifuge */,
			);
			productName = "iOS-client";
			productReference = 0776E47D2C5C1A3700879EFF /* iOS-client.app */;
			productType = "com.apple.product-type.application";
		};
		0776E48C2C5C1A3900879EFF /* iOS-clientTests */ = {
			isa = PBXNativeTarget;
			buildConfigurationList = 0776E4A42C5C1A3900879EFF /* Build configuration list for PBXNativeTarget "iOS-clientTests" */;
			buildPhases = (
				0776E4892C5C1A3900879EFF /* Sources */,
				0776E48A2C5C1A3900879EFF /* Frameworks */,
				0776E48B2C5C1A3900879EFF /* Resources */,
			);
			buildRules = (
			);
			dependencies = (
				0776E48F2C5C1A3900879EFF /* PBXTargetDependency */,
			);
			name = "iOS-clientTests";
			productName = "iOS-clientTests";
			productReference = 0776E48D2C5C1A3900879EFF /* iOS-clientTests.xctest */;
			productType = "com.apple.product-type.bundle.unit-test";
		};
		0776E4962C5C1A3900879EFF /* iOS-clientUITests */ = {
			isa = PBXNativeTarget;
			buildConfigurationList = 0776E4A72C5C1A3900879EFF /* Build configuration list for PBXNativeTarget "iOS-clientUITests" */;
			buildPhases = (
				0776E4932C5C1A3900879EFF /* Sources */,
				0776E4942C5C1A3900879EFF /* Frameworks */,
				0776E4952C5C1A3900879EFF /* Resources */,
			);
			buildRules = (
			);
			dependencies = (
				0776E4992C5C1A3900879EFF /* PBXTargetDependency */,
			);
			name = "iOS-clientUITests";
			productName = "iOS-clientUITests";
			productReference = 0776E4972C5C1A3900879EFF /* iOS-clientUITests.xctest */;
			productType = "com.apple.product-type.bundle.ui-testing";
		};
/* End PBXNativeTarget section */

/* Begin PBXProject section */
		0776E4752C5C1A3700879EFF /* Project object */ = {
			isa = PBXProject;
			attributes = {
				BuildIndependentTargetsInParallel = 1;
				LastSwiftUpdateCheck = 1540;
				LastUpgradeCheck = 1540;
				TargetAttributes = {
					0776E47C2C5C1A3700879EFF = {
						CreatedOnToolsVersion = 15.4;
					};
					0776E48C2C5C1A3900879EFF = {
						CreatedOnToolsVersion = 15.4;
						TestTargetID = 0776E47C2C5C1A3700879EFF;
					};
					0776E4962C5C1A3900879EFF = {
						CreatedOnToolsVersion = 15.4;
						TestTargetID = 0776E47C2C5C1A3700879EFF;
					};
				};
			};
			buildConfigurationList = 0776E4782C5C1A3700879EFF /* Build configuration list for PBXProject "iOS-client" */;
			compatibilityVersion = "Xcode 14.0";
			developmentRegion = en;
			hasScannedForEncodings = 0;
			knownRegions = (
				en,
				Base,
			);
			mainGroup = 0776E4742C5C1A3700879EFF;
			packageReferences = (
				0792DC152C5CBE0C00891DD4 /* XCRemoteSwiftPackageReference "centrifuge-swift" */,
			);
			productRefGroup = 0776E47E2C5C1A3700879EFF /* Products */;
			projectDirPath = "";
			projectRoot = "";
			targets = (
				0776E47C2C5C1A3700879EFF /* iOS-client */,
				0776E48C2C5C1A3900879EFF /* iOS-clientTests */,
				0776E4962C5C1A3900879EFF /* iOS-clientUITests */,
			);
		};
/* End PBXProject section */

/* Begin PBXResourcesBuildPhase section */
		0776E47B2C5C1A3700879EFF /* Resources */ = {
			isa = PBXResourcesBuildPhase;
			buildActionMask = 2147483647;
			files = (
				0776E4882C5C1A3900879EFF /* Preview Assets.xcassets in Resources */,
				0776E4852C5C1A3900879EFF /* Assets.xcassets in Resources */,
			);
			runOnlyForDeploymentPostprocessing = 0;
		};
		0776E48B2C5C1A3900879EFF /* Resources */ = {
			isa = PBXResourcesBuildPhase;
			buildActionMask = 2147483647;
			files = (
			);
			runOnlyForDeploymentPostprocessing = 0;
		};
		0776E4952C5C1A3900879EFF /* Resources */ = {
			isa = PBXResourcesBuildPhase;
			buildActionMask = 2147483647;
			files = (
			);
			runOnlyForDeploymentPostprocessing = 0;
		};
/* End PBXResourcesBuildPhase section */

/* Begin PBXSourcesBuildPhase section */
		0776E4792C5C1A3700879EFF /* Sources */ = {
			isa = PBXSourcesBuildPhase;
			buildActionMask = 2147483647;
			files = (
				0776E4AF2C5C1ACE00879EFF /* CentrifugoViewModel.swift in Sources */,
				0776E4832C5C1A3700879EFF /* ContentView.swift in Sources */,
				0776E4812C5C1A3700879EFF /* iOS_clientApp.swift in Sources */,
			);
			runOnlyForDeploymentPostprocessing = 0;
		};
		0776E4892C5C1A3900879EFF /* Sources */ = {
			isa = PBXSourcesBuildPhase;
			buildActionMask = 2147483647;
			files = (
				0776E4922C5C1A3900879EFF /* iOS_clientTests.swift in Sources */,
			);
			runOnlyForDeploymentPostprocessing = 0;
		};
		0776E4932C5C1A3900879EFF /* Sources */ = {
			isa = PBXSourcesBuildPhase;
			buildActionMask = 2147483647;
			files = (
				0776E49C2C5C1A3900879EFF /* iOS_clientUITests.swift in Sources */,
				0776E49E2C5C1A3900879EFF /* iOS_clientUITestsLaunchTests.swift in Sources */,
			);
			runOnlyForDeploymentPostprocessing = 0;
		};
/* End PBXSourcesBuildPhase section */

/* Begin PBXTargetDependency section */
		0776E48F2C5C1A3900879EFF /* PBXTargetDependency */ = {
			isa = PBXTargetDependency;
			target = 0776E47C2C5C1A3700879EFF /* iOS-client */;
			targetProxy = 0776E48E2C5C1A3900879EFF /* PBXContainerItemProxy */;
		};
		0776E4992C5C1A3900879EFF /* PBXTargetDependency */ = {
			isa = PBXTargetDependency;
			target = 0776E47C2C5C1A3700879EFF /* iOS-client */;
			targetProxy = 0776E4982C5C1A3900879EFF /* PBXContainerItemProxy */;
		};
/* End PBXTargetDependency section */

/* Begin XCBuildConfiguration section */
		0776E49F2C5C1A3900879EFF /* Debug */ = {
			isa = XCBuildConfiguration;
			buildSettings = {
				ALWAYS_SEARCH_USER_PATHS = NO;
				ASSETCATALOG_COMPILER_GENERATE_SWIFT_ASSET_SYMBOL_EXTENSIONS = YES;
				CLANG_ANALYZER_NONNULL = YES;
				CLANG_ANALYZER_NUMBER_OBJECT_CONVERSION = YES_AGGRESSIVE;
				CLANG_CXX_LANGUAGE_STANDARD = "gnu++20";
				CLANG_ENABLE_MODULES = YES;
				CLANG_ENABLE_OBJC_ARC = YES;
				CLANG_ENABLE_OBJC_WEAK = YES;
				CLANG_WARN_BLOCK_CAPTURE_AUTORELEASING = YES;
				CLANG_WARN_BOOL_CONVERSION = YES;
				CLANG_WARN_COMMA = YES;
				CLANG_WARN_CONSTANT_CONVERSION = YES;
				CLANG_WARN_DEPRECATED_OBJC_IMPLEMENTATIONS = YES;
				CLANG_WARN_DIRECT_OBJC_ISA_USAGE = YES_ERROR;
				CLANG_WARN_DOCUMENTATION_COMMENTS = YES;
				CLANG_WARN_EMPTY_BODY = YES;
				CLANG_WARN_ENUM_CONVERSION = YES;
				CLANG_WARN_INFINITE_RECURSION = YES;
				CLANG_WARN_INT_CONVERSION = YES;
				CLANG_WARN_NON_LITERAL_NULL_CONVERSION = YES;
				CLANG_WARN_OBJC_IMPLICIT_RETAIN_SELF = YES;
				CLANG_WARN_OBJC_LITERAL_CONVERSION = YES;
				CLANG_WARN_OBJC_ROOT_CLASS = YES_ERROR;
				CLANG_WARN_QUOTED_INCLUDE_IN_FRAMEWORK_HEADER = YES;
				CLANG_WARN_RANGE_LOOP_ANALYSIS = YES;
				CLANG_WARN_STRICT_PROTOTYPES = YES;
				CLANG_WARN_SUSPICIOUS_MOVE = YES;
				CLANG_WARN_UNGUARDED_AVAILABILITY = YES_AGGRESSIVE;
				CLANG_WARN_UNREACHABLE_CODE = YES;
				CLANG_WARN__DUPLICATE_METHOD_MATCH = YES;
				COPY_PHASE_STRIP = NO;
				DEBUG_INFORMATION_FORMAT = dwarf;
				ENABLE_STRICT_OBJC_MSGSEND = YES;
				ENABLE_TESTABILITY = YES;
				ENABLE_USER_SCRIPT_SANDBOXING = YES;
				GCC_C_LANGUAGE_STANDARD = gnu17;
				GCC_DYNAMIC_NO_PIC = NO;
				GCC_NO_COMMON_BLOCKS = YES;
				GCC_OPTIMIZATION_LEVEL = 0;
				GCC_PREPROCESSOR_DEFINITIONS = (
					"DEBUG=1",
					"$(inherited)",
				);
				GCC_WARN_64_TO_32_BIT_CONVERSION = YES;
				GCC_WARN_ABOUT_RETURN_TYPE = YES_ERROR;
				GCC_WARN_UNDECLARED_SELECTOR = YES;
				GCC_WARN_UNINITIALIZED_AUTOS = YES_AGGRESSIVE;
				GCC_WARN_UNUSED_FUNCTION = YES;
				GCC_WARN_UNUSED_VARIABLE = YES;
				IPHONEOS_DEPLOYMENT_TARGET = 17.5;
				LOCALIZATION_PREFERS_STRING_CATALOGS = YES;
				MTL_ENABLE_DEBUG_INFO = INCLUDE_SOURCE;
				MTL_FAST_MATH = YES;
				ONLY_ACTIVE_ARCH = YES;
				SDKROOT = iphoneos;
				SWIFT_ACTIVE_COMPILATION_CONDITIONS = "DEBUG $(inherited)";
				SWIFT_OPTIMIZATION_LEVEL = "-Onone";
			};
			name = Debug;
		};
		0776E4A02C5C1A3900879EFF /* Release */ = {
			isa = XCBuildConfiguration;
			buildSettings = {
				ALWAYS_SEARCH_USER_PATHS = NO;
				ASSETCATALOG_COMPILER_GENERATE_SWIFT_ASSET_SYMBOL_EXTENSIONS = YES;
				CLANG_ANALYZER_NONNULL = YES;
				CLANG_ANALYZER_NUMBER_OBJECT_CONVERSION = YES_AGGRESSIVE;
				CLANG_CXX_LANGUAGE_STANDARD = "gnu++20";
				CLANG_ENABLE_MODULES = YES;
				CLANG_ENABLE_OBJC_ARC = YES;
				CLANG_ENABLE_OBJC_WEAK = YES;
				CLANG_WARN_BLOCK_CAPTURE_AUTORELEASING = YES;
				CLANG_WARN_BOOL_CONVERSION = YES;
				CLANG_WARN_COMMA = YES;
				CLANG_WARN_CONSTANT_CONVERSION = YES;
				CLANG_WARN_DEPRECATED_OBJC_IMPLEMENTATIONS = YES;
				CLANG_WARN_DIRECT_OBJC_ISA_USAGE = YES_ERROR;
				CLANG_WARN_DOCUMENTATION_COMMENTS = YES;
				CLANG_WARN_EMPTY_BODY = YES;
				CLANG_WARN_ENUM_CONVERSION = YES;
				CLANG_WARN_INFINITE_RECURSION = YES;
				CLANG_WARN_INT_CONVERSION = YES;
				CLANG_WARN_NON_LITERAL_NULL_CONVERSION = YES;
				CLANG_WARN_OBJC_IMPLICIT_RETAIN_SELF = YES;
				CLANG_WARN_OBJC_LITERAL_CONVERSION = YES;
				CLANG_WARN_OBJC_ROOT_CLASS = YES_ERROR;
				CLANG_WARN_QUOTED_INCLUDE_IN_FRAMEWORK_HEADER = YES;
				CLANG_WARN_RANGE_LOOP_ANALYSIS = YES;
				CLANG_WARN_STRICT_PROTOTYPES = YES;
				CLANG_WARN_SUSPICIOUS_MOVE = YES;
				CLANG_WARN_UNGUARDED_AVAILABILITY = YES_AGGRESSIVE;
				CLANG_WARN_UNREACHABLE_CODE = YES;
				CLANG_WARN__DUPLICATE_METHOD_MATCH = YES;
				COPY_PHASE_STRIP = NO;
				DEBUG_INFORMATION_FORMAT = "dwarf-with-dsym";
				ENABLE_NS_ASSERTIONS = NO;
				ENABLE_STRICT_OBJC_MSGSEND = YES;
				ENABLE_USER_SCRIPT_SANDBOXING = YES;
				GCC_C_LANGUAGE_STANDARD = gnu17;
				GCC_NO_COMMON_BLOCKS = YES;
				GCC_WARN_64_TO_32_BIT_CONVERSION = YES;
				GCC_WARN_ABOUT_RETURN_TYPE = YES_ERROR;
				GCC_WARN_UNDECLARED_SELECTOR = YES;
				GCC_WARN_UNINITIALIZED_AUTOS = YES_AGGRESSIVE;
				GCC_WARN_UNUSED_FUNCTION = YES;
				GCC_WARN_UNUSED_VARIABLE = YES;
				IPHONEOS_DEPLOYMENT_TARGET = 17.5;
				LOCALIZATION_PREFERS_STRING_CATALOGS = YES;
				MTL_ENABLE_DEBUG_INFO = NO;
				MTL_FAST_MATH = YES;
				SDKROOT = iphoneos;
				SWIFT_COMPILATION_MODE = wholemodule;
				VALIDATE_PRODUCT = YES;
			};
			name = Release;
		};
		0776E4A22C5C1A3900879EFF /* Debug */ = {
			isa = XCBuildConfiguration;
			buildSettings = {
				ASSETCATALOG_COMPILER_APPICON_NAME = AppIcon;
				ASSETCATALOG_COMPILER_GLOBAL_ACCENT_COLOR_NAME = AccentColor;
				CODE_SIGN_STYLE = Automatic;
				CURRENT_PROJECT_VERSION = 1;
				DEVELOPMENT_ASSET_PATHS = "\"iOS-client/Preview Content\"";
				DEVELOPMENT_TEAM = VH8FYD6YYB;
				ENABLE_PREVIEWS = YES;
				GENERATE_INFOPLIST_FILE = YES;
				INFOPLIST_KEY_UIApplicationSceneManifest_Generation = YES;
				INFOPLIST_KEY_UIApplicationSupportsIndirectInputEvents = YES;
				INFOPLIST_KEY_UILaunchScreen_Generation = YES;
				INFOPLIST_KEY_UISupportedInterfaceOrientations_iPad = "UIInterfaceOrientationPortrait UIInterfaceOrientationPortraitUpsideDown UIInterfaceOrientationLandscapeLeft UIInterfaceOrientationLandscapeRight";
				INFOPLIST_KEY_UISupportedInterfaceOrientations_iPhone = "UIInterfaceOrientationPortrait UIInterfaceOrientationLandscapeLeft UIInterfaceOrientationLandscapeRight";
				LD_RUNPATH_SEARCH_PATHS = (
					"$(inherited)",
					"@executable_path/Frameworks",
				);
				MARKETING_VERSION = 1.0;
				PRODUCT_BUNDLE_IDENTIFIER = "com.bh.iOS-client";
				PRODUCT_NAME = "$(TARGET_NAME)";
				SWIFT_EMIT_LOC_STRINGS = YES;
				SWIFT_VERSION = 5.0;
				TARGETED_DEVICE_FAMILY = "1,2";
			};
			name = Debug;
		};
		0776E4A32C5C1A3900879EFF /* Release */ = {
			isa = XCBuildConfiguration;
			buildSettings = {
				ASSETCATALOG_COMPILER_APPICON_NAME = AppIcon;
				ASSETCATALOG_COMPILER_GLOBAL_ACCENT_COLOR_NAME = AccentColor;
				CODE_SIGN_STYLE = Automatic;
				CURRENT_PROJECT_VERSION = 1;
				DEVELOPMENT_ASSET_PATHS = "\"iOS-client/Preview Content\"";
				DEVELOPMENT_TEAM = VH8FYD6YYB;
				ENABLE_PREVIEWS = YES;
				GENERATE_INFOPLIST_FILE = YES;
				INFOPLIST_KEY_UIApplicationSceneManifest_Generation = YES;
				INFOPLIST_KEY_UIApplicationSupportsIndirectInputEvents = YES;
				INFOPLIST_KEY_UILaunchScreen_Generation = YES;
				INFOPLIST_KEY_UISupportedInterfaceOrientations_iPad = "UIInterfaceOrientationPortrait UIInterfaceOrientationPortraitUpsideDown UIInterfaceOrientationLandscapeLeft UIInterfaceOrientationLandscapeRight";
				INFOPLIST_KEY_UISupportedInterfaceOrientations_iPhone = "UIInterfaceOrientationPortrait UIInterfaceOrientationLandscapeLeft UIInterfaceOrientationLandscapeRight";
				LD_RUNPATH_SEARCH_PATHS = (
					"$(inherited)",
					"@executable_path/Frameworks",
				);
				MARKETING_VERSION = 1.0;
				PRODUCT_BUNDLE_IDENTIFIER = "com.bh.iOS-client";
				PRODUCT_NAME = "$(TARGET_NAME)";
				SWIFT_EMIT_LOC_STRINGS = YES;
				SWIFT_VERSION = 5.0;
				TARGETED_DEVICE_FAMILY = "1,2";
			};
			name = Release;
		};
		0776E4A52C5C1A3900879EFF /* Debug */ = {
			isa = XCBuildConfiguration;
			buildSettings = {
				ALWAYS_EMBED_SWIFT_STANDARD_LIBRARIES = YES;
				BUNDLE_LOADER = "$(TEST_HOST)";
				CODE_SIGN_STYLE = Automatic;
				CURRENT_PROJECT_VERSION = 1;
				DEVELOPMENT_TEAM = VH8FYD6YYB;
				GENERATE_INFOPLIST_FILE = YES;
				IPHONEOS_DEPLOYMENT_TARGET = 17.5;
				MARKETING_VERSION = 1.0;
				PRODUCT_BUNDLE_IDENTIFIER = "com.bh.iOS-clientTests";
				PRODUCT_NAME = "$(TARGET_NAME)";
				SWIFT_EMIT_LOC_STRINGS = NO;
				SWIFT_VERSION = 5.0;
				TARGETED_DEVICE_FAMILY = "1,2";
				TEST_HOST = "$(BUILT_PRODUCTS_DIR)/iOS-client.app/$(BUNDLE_EXECUTABLE_FOLDER_PATH)/iOS-client";
			};
			name = Debug;
		};
		0776E4A62C5C1A3900879EFF /* Release */ = {
			isa = XCBuildConfiguration;
			buildSettings = {
				ALWAYS_EMBED_SWIFT_STANDARD_LIBRARIES = YES;
				BUNDLE_LOADER = "$(TEST_HOST)";
				CODE_SIGN_STYLE = Automatic;
				CURRENT_PROJECT_VERSION = 1;
				DEVELOPMENT_TEAM = VH8FYD6YYB;
				GENERATE_INFOPLIST_FILE = YES;
				IPHONEOS_DEPLOYMENT_TARGET = 17.5;
				MARKETING_VERSION = 1.0;
				PRODUCT_BUNDLE_IDENTIFIER = "com.bh.iOS-clientTests";
				PRODUCT_NAME = "$(TARGET_NAME)";
				SWIFT_EMIT_LOC_STRINGS = NO;
				SWIFT_VERSION = 5.0;
				TARGETED_DEVICE_FAMILY = "1,2";
				TEST_HOST = "$(BUILT_PRODUCTS_DIR)/iOS-client.app/$(BUNDLE_EXECUTABLE_FOLDER_PATH)/iOS-client";
			};
			name = Release;
		};
		0776E4A82C5C1A3900879EFF /* Debug */ = {
			isa = XCBuildConfiguration;
			buildSettings = {
				ALWAYS_EMBED_SWIFT_STANDARD_LIBRARIES = YES;
				CODE_SIGN_STYLE = Automatic;
				CURRENT_PROJECT_VERSION = 1;
				DEVELOPMENT_TEAM = VH8FYD6YYB;
				GENERATE_INFOPLIST_FILE = YES;
				MARKETING_VERSION = 1.0;
				PRODUCT_BUNDLE_IDENTIFIER = "com.bh.iOS-clientUITests";
				PRODUCT_NAME = "$(TARGET_NAME)";
				SWIFT_EMIT_LOC_STRINGS = NO;
				SWIFT_VERSION = 5.0;
				TARGETED_DEVICE_FAMILY = "1,2";
				TEST_TARGET_NAME = "iOS-client";
			};
			name = Debug;
		};
		0776E4A92C5C1A3900879EFF /* Release */ = {
			isa = XCBuildConfiguration;
			buildSettings = {
				ALWAYS_EMBED_SWIFT_STANDARD_LIBRARIES = YES;
				CODE_SIGN_STYLE = Automatic;
				CURRENT_PROJECT_VERSION = 1;
				DEVELOPMENT_TEAM = VH8FYD6YYB;
				GENERATE_INFOPLIST_FILE = YES;
				MARKETING_VERSION = 1.0;
				PRODUCT_BUNDLE_IDENTIFIER = "com.bh.iOS-clientUITests";
				PRODUCT_NAME = "$(TARGET_NAME)";
				SWIFT_EMIT_LOC_STRINGS = NO;
				SWIFT_VERSION = 5.0;
				TARGETED_DEVICE_FAMILY = "1,2";
				TEST_TARGET_NAME = "iOS-client";
			};
			name = Release;
		};
/* End XCBuildConfiguration section */

/* Begin XCConfigurationList section */
		0776E4782C5C1A3700879EFF /* Build configuration list for PBXProject "iOS-client" */ = {
			isa = XCConfigurationList;
			buildConfigurations = (
				0776E49F2C5C1A3900879EFF /* Debug */,
				0776E4A02C5C1A3900879EFF /* Release */,
			);
			defaultConfigurationIsVisible = 0;
			defaultConfigurationName = Release;
		};
		0776E4A12C5C1A3900879EFF /* Build configuration list for PBXNativeTarget "iOS-client" */ = {
			isa = XCConfigurationList;
			buildConfigurations = (
				0776E4A22C5C1A3900879EFF /* Debug */,
				0776E4A32C5C1A3900879EFF /* Release */,
			);
			defaultConfigurationIsVisible = 0;
			defaultConfigurationName = Release;
		};
		0776E4A42C5C1A3900879EFF /* Build configuration list for PBXNativeTarget "iOS-clientTests" */ = {
			isa = XCConfigurationList;
			buildConfigurations = (
				0776E4A52C5C1A3900879EFF /* Debug */,
				0776E4A62C5C1A3900879EFF /* Release */,
			);
			defaultConfigurationIsVisible = 0;
			defaultConfigurationName = Release;
		};
		0776E4A72C5C1A3900879EFF /* Build configuration list for PBXNativeTarget "iOS-clientUITests" */ = {
			isa = XCConfigurationList;
			buildConfigurations = (
				0776E4A82C5C1A3900879EFF /* Debug */,
				0776E4A92C5C1A3900879EFF /* Release */,
			);
			defaultConfigurationIsVisible = 0;
			defaultConfigurationName = Release;
		};
/* End XCConfigurationList section */

/* Begin XCRemoteSwiftPackageReference section */
		0792DC152C5CBE0C00891DD4 /* XCRemoteSwiftPackageReference "centrifuge-swift" */ = {
			isa = XCRemoteSwiftPackageReference;
			repositoryURL = "https://github.com/centrifugal/centrifuge-swift";
			requirement = {
				kind = upToNextMajorVersion;
				minimumVersion = 0.7.2;
			};
		};
/* End XCRemoteSwiftPackageReference section */

/* Begin XCSwiftPackageProductDependency section */
		0792DC162C5CBE4A00891DD4 /* SwiftCentrifuge */ = {
			isa = XCSwiftPackageProductDependency;
			package = 0792DC152C5CBE0C00891DD4 /* XCRemoteSwiftPackageReference "centrifuge-swift" */;
			productName = SwiftCentrifuge;
		};
/* End XCSwiftPackageProductDependency section */
	};
	rootObject = 0776E4752C5C1A3700879EFF /* Project object */;
}
